// !$*UTF8*$!
{
	archiveVersion = 1;
	classes = {
	};
	objectVersion = 56;
	objects = {

/* Begin PBXBuildFile section */
		B22FCD44291A9FAA00C91B94 /* Kingfisher in Frameworks */ = {isa = PBXBuildFile; productRef = B22FCD43291A9FAA00C91B94 /* Kingfisher */; };
		B22FCD46291AA12A00C91B94 /* Double.swift in Sources */ = {isa = PBXBuildFile; fileRef = B22FCD45291AA12A00C91B94 /* Double.swift */; };
		B23925E2291A58AF007B3E02 /* AllCoinsView.swift in Sources */ = {isa = PBXBuildFile; fileRef = B23925E1291A58AF007B3E02 /* AllCoinsView.swift */; };
		B23925E4291A58C4007B3E02 /* CoinRowView.swift in Sources */ = {isa = PBXBuildFile; fileRef = B23925E3291A58C4007B3E02 /* CoinRowView.swift */; };
		B23925E6291A606C007B3E02 /* HomeViewModel.swift in Sources */ = {isa = PBXBuildFile; fileRef = B23925E5291A606C007B3E02 /* HomeViewModel.swift */; };
		B23925E8291A6A5B007B3E02 /* Coin.swift in Sources */ = {isa = PBXBuildFile; fileRef = B23925E7291A6A5B007B3E02 /* Coin.swift */; };
		B2A0A042291A1F1E008ECD26 /* SwiftCoinApp.swift in Sources */ = {isa = PBXBuildFile; fileRef = B2A0A041291A1F1E008ECD26 /* SwiftCoinApp.swift */; };
		B2A0A044291A1F1E008ECD26 /* ContentView.swift in Sources */ = {isa = PBXBuildFile; fileRef = B2A0A043291A1F1E008ECD26 /* ContentView.swift */; };
		B2A0A046291A1F21008ECD26 /* Assets.xcassets in Resources */ = {isa = PBXBuildFile; fileRef = B2A0A045291A1F21008ECD26 /* Assets.xcassets */; };
		B2A0A049291A1F21008ECD26 /* Preview Assets.xcassets in Resources */ = {isa = PBXBuildFile; fileRef = B2A0A048291A1F21008ECD26 /* Preview Assets.xcassets */; };
		B2A0A058291A209E008ECD26 /* HomeView.swift in Sources */ = {isa = PBXBuildFile; fileRef = B2A0A057291A209E008ECD26 /* HomeView.swift */; };
		B2A0A05A291A21DE008ECD26 /* TopMoversView.swift in Sources */ = {isa = PBXBuildFile; fileRef = B2A0A059291A21DE008ECD26 /* TopMoversView.swift */; };
		B2A0A05C291A2208008ECD26 /* TopMoversItemView.swift in Sources */ = {isa = PBXBuildFile; fileRef = B2A0A05B291A2208008ECD26 /* TopMoversItemView.swift */; };
/* End PBXBuildFile section */

/* Begin PBXFileReference section */
		B22FCD45291AA12A00C91B94 /* Double.swift */ = {isa = PBXFileReference; lastKnownFileType = sourcecode.swift; path = Double.swift; sourceTree = "<group>"; };
		B23925E1291A58AF007B3E02 /* AllCoinsView.swift */ = {isa = PBXFileReference; lastKnownFileType = sourcecode.swift; path = AllCoinsView.swift; sourceTree = "<group>"; };
		B23925E3291A58C4007B3E02 /* CoinRowView.swift */ = {isa = PBXFileReference; lastKnownFileType = sourcecode.swift; path = CoinRowView.swift; sourceTree = "<group>"; };
		B23925E5291A606C007B3E02 /* HomeViewModel.swift */ = {isa = PBXFileReference; lastKnownFileType = sourcecode.swift; path = HomeViewModel.swift; sourceTree = "<group>"; };
		B23925E7291A6A5B007B3E02 /* Coin.swift */ = {isa = PBXFileReference; lastKnownFileType = sourcecode.swift; path = Coin.swift; sourceTree = "<group>"; };
		B2A0A03E291A1F1E008ECD26 /* SwiftCoin.app */ = {isa = PBXFileReference; explicitFileType = wrapper.application; includeInIndex = 0; path = SwiftCoin.app; sourceTree = BUILT_PRODUCTS_DIR; };
		B2A0A041291A1F1E008ECD26 /* SwiftCoinApp.swift */ = {isa = PBXFileReference; lastKnownFileType = sourcecode.swift; path = SwiftCoinApp.swift; sourceTree = "<group>"; };
		B2A0A043291A1F1E008ECD26 /* ContentView.swift */ = {isa = PBXFileReference; lastKnownFileType = sourcecode.swift; path = ContentView.swift; sourceTree = "<group>"; };
		B2A0A045291A1F21008ECD26 /* Assets.xcassets */ = {isa = PBXFileReference; lastKnownFileType = folder.assetcatalog; path = Assets.xcassets; sourceTree = "<group>"; };
		B2A0A048291A1F21008ECD26 /* Preview Assets.xcassets */ = {isa = PBXFileReference; lastKnownFileType = folder.assetcatalog; path = "Preview Assets.xcassets"; sourceTree = "<group>"; };
		B2A0A057291A209E008ECD26 /* HomeView.swift */ = {isa = PBXFileReference; lastKnownFileType = sourcecode.swift; path = HomeView.swift; sourceTree = "<group>"; };
		B2A0A059291A21DE008ECD26 /* TopMoversView.swift */ = {isa = PBXFileReference; lastKnownFileType = sourcecode.swift; path = TopMoversView.swift; sourceTree = "<group>"; };
		B2A0A05B291A2208008ECD26 /* TopMoversItemView.swift */ = {isa = PBXFileReference; lastKnownFileType = sourcecode.swift; path = TopMoversItemView.swift; sourceTree = "<group>"; };
/* End PBXFileReference section */

/* Begin PBXFrameworksBuildPhase section */
		B2A0A03B291A1F1E008ECD26 /* Frameworks */ = {
			isa = PBXFrameworksBuildPhase;
			buildActionMask = 2147483647;
			files = (
				B22FCD44291A9FAA00C91B94 /* Kingfisher in Frameworks */,
			);
			runOnlyForDeploymentPostprocessing = 0;
		};
/* End PBXFrameworksBuildPhase section */

/* Begin PBXGroup section */
		B2A0A035291A1F1D008ECD26 = {
			isa = PBXGroup;
			children = (
				B2A0A040291A1F1E008ECD26 /* SwiftCoin */,
				B2A0A03F291A1F1E008ECD26 /* Products */,
			);
			sourceTree = "<group>";
		};
		B2A0A03F291A1F1E008ECD26 /* Products */ = {
			isa = PBXGroup;
			children = (
				B2A0A03E291A1F1E008ECD26 /* SwiftCoin.app */,
			);
			name = Products;
			sourceTree = "<group>";
		};
		B2A0A040291A1F1E008ECD26 /* SwiftCoin */ = {
			isa = PBXGroup;
			children = (
				B2A0A053291A1F9F008ECD26 /* Utils */,
				B2A0A052291A1F98008ECD26 /* Extensions */,
				B2A0A051291A1F94008ECD26 /* Models */,
				B2A0A050291A1F91008ECD26 /* Core */,
				B2A0A04F291A1F8E008ECD26 /* App */,
				B2A0A043291A1F1E008ECD26 /* ContentView.swift */,
				B2A0A045291A1F21008ECD26 /* Assets.xcassets */,
				B2A0A047291A1F21008ECD26 /* Preview Content */,
			);
			path = SwiftCoin;
			sourceTree = "<group>";
		};
		B2A0A047291A1F21008ECD26 /* Preview Content */ = {
			isa = PBXGroup;
			children = (
				B2A0A048291A1F21008ECD26 /* Preview Assets.xcassets */,
			);
			path = "Preview Content";
			sourceTree = "<group>";
		};
		B2A0A04F291A1F8E008ECD26 /* App */ = {
			isa = PBXGroup;
			children = (
				B2A0A041291A1F1E008ECD26 /* SwiftCoinApp.swift */,
			);
			path = App;
			sourceTree = "<group>";
		};
		B2A0A050291A1F91008ECD26 /* Core */ = {
			isa = PBXGroup;
			children = (
				B2A0A054291A2019008ECD26 /* Home */,
			);
			path = Core;
			sourceTree = "<group>";
		};
		B2A0A051291A1F94008ECD26 /* Models */ = {
			isa = PBXGroup;
			children = (
				B23925E7291A6A5B007B3E02 /* Coin.swift */,
			);
			path = Models;
			sourceTree = "<group>";
		};
		B2A0A052291A1F98008ECD26 /* Extensions */ = {
			isa = PBXGroup;
			children = (
				B22FCD45291AA12A00C91B94 /* Double.swift */,
			);
			path = Extensions;
			sourceTree = "<group>";
		};
		B2A0A053291A1F9F008ECD26 /* Utils */ = {
			isa = PBXGroup;
			children = (
			);
			path = Utils;
			sourceTree = "<group>";
		};
		B2A0A054291A2019008ECD26 /* Home */ = {
			isa = PBXGroup;
			children = (
				B2A0A056291A2071008ECD26 /* Views */,
				B2A0A055291A206E008ECD26 /* ViewModels */,
			);
			path = Home;
			sourceTree = "<group>";
		};
		B2A0A055291A206E008ECD26 /* ViewModels */ = {
			isa = PBXGroup;
			children = (
				B23925E5291A606C007B3E02 /* HomeViewModel.swift */,
			);
			path = ViewModels;
			sourceTree = "<group>";
		};
		B2A0A056291A2071008ECD26 /* Views */ = {
			isa = PBXGroup;
			children = (
				B2A0A057291A209E008ECD26 /* HomeView.swift */,
				B2A0A059291A21DE008ECD26 /* TopMoversView.swift */,
				B2A0A05B291A2208008ECD26 /* TopMoversItemView.swift */,
				B23925E1291A58AF007B3E02 /* AllCoinsView.swift */,
				B23925E3291A58C4007B3E02 /* CoinRowView.swift */,
			);
			path = Views;
			sourceTree = "<group>";
		};
/* End PBXGroup section */

/* Begin PBXNativeTarget section */
		B2A0A03D291A1F1E008ECD26 /* SwiftCoin */ = {
			isa = PBXNativeTarget;
			buildConfigurationList = B2A0A04C291A1F21008ECD26 /* Build configuration list for PBXNativeTarget "SwiftCoin" */;
			buildPhases = (
				B2A0A03A291A1F1E008ECD26 /* Sources */,
				B2A0A03B291A1F1E008ECD26 /* Frameworks */,
				B2A0A03C291A1F1E008ECD26 /* Resources */,
			);
			buildRules = (
			);
			dependencies = (
			);
			name = SwiftCoin;
			packageProductDependencies = (
				B22FCD43291A9FAA00C91B94 /* Kingfisher */,
			);
			productName = SwiftCoin;
			productReference = B2A0A03E291A1F1E008ECD26 /* SwiftCoin.app */;
			productType = "com.apple.product-type.application";
		};
/* End PBXNativeTarget section */

/* Begin PBXProject section */
		B2A0A036291A1F1D008ECD26 /* Project object */ = {
			isa = PBXProject;
			attributes = {
				BuildIndependentTargetsInParallel = 1;
				LastSwiftUpdateCheck = 1400;
				LastUpgradeCheck = 1400;
				TargetAttributes = {
					B2A0A03D291A1F1E008ECD26 = {
						CreatedOnToolsVersion = 14.0.1;
					};
				};
			};
			buildConfigurationList = B2A0A039291A1F1D008ECD26 /* Build configuration list for PBXProject "SwiftCoin" */;
			compatibilityVersion = "Xcode 14.0";
			developmentRegion = en;
			hasScannedForEncodings = 0;
			knownRegions = (
				en,
				Base,
			);
			mainGroup = B2A0A035291A1F1D008ECD26;
			packageReferences = (
				B22FCD42291A9FAA00C91B94 /* XCRemoteSwiftPackageReference "Kingfisher" */,
			);
			productRefGroup = B2A0A03F291A1F1E008ECD26 /* Products */;
			projectDirPath = "";
			projectRoot = "";
			targets = (
				B2A0A03D291A1F1E008ECD26 /* SwiftCoin */,
			);
		};
/* End PBXProject section */

/* Begin PBXResourcesBuildPhase section */
		B2A0A03C291A1F1E008ECD26 /* Resources */ = {
			isa = PBXResourcesBuildPhase;
			buildActionMask = 2147483647;
			files = (
				B2A0A049291A1F21008ECD26 /* Preview Assets.xcassets in Resources */,
				B2A0A046291A1F21008ECD26 /* Assets.xcassets in Resources */,
			);
			runOnlyForDeploymentPostprocessing = 0;
		};
/* End PBXResourcesBuildPhase section */

/* Begin PBXSourcesBuildPhase section */
		B2A0A03A291A1F1E008ECD26 /* Sources */ = {
			isa = PBXSourcesBuildPhase;
			buildActionMask = 2147483647;
			files = (
				B23925E8291A6A5B007B3E02 /* Coin.swift in Sources */,
				B2A0A05A291A21DE008ECD26 /* TopMoversView.swift in Sources */,
				B23925E2291A58AF007B3E02 /* AllCoinsView.swift in Sources */,
				B2A0A058291A209E008ECD26 /* HomeView.swift in Sources */,
				B23925E6291A606C007B3E02 /* HomeViewModel.swift in Sources */,
				B2A0A044291A1F1E008ECD26 /* ContentView.swift in Sources */,
				B2A0A042291A1F1E008ECD26 /* SwiftCoinApp.swift in Sources */,
				B23925E4291A58C4007B3E02 /* CoinRowView.swift in Sources */,
				B22FCD46291AA12A00C91B94 /* Double.swift in Sources */,
				B2A0A05C291A2208008ECD26 /* TopMoversItemView.swift in Sources */,
			);
			runOnlyForDeploymentPostprocessing = 0;
		};
/* End PBXSourcesBuildPhase section */

/* Begin XCBuildConfiguration section */
		B2A0A04A291A1F21008ECD26 /* Debug */ = {
			isa = XCBuildConfiguration;
			buildSettings = {
				ALWAYS_SEARCH_USER_PATHS = NO;
				CLANG_ANALYZER_NONNULL = YES;
				CLANG_ANALYZER_NUMBER_OBJECT_CONVERSION = YES_AGGRESSIVE;
				CLANG_CXX_LANGUAGE_STANDARD = "gnu++20";
				CLANG_ENABLE_MODULES = YES;
				CLANG_ENABLE_OBJC_ARC = YES;
				CLANG_ENABLE_OBJC_WEAK = YES;
				CLANG_WARN_BLOCK_CAPTURE_AUTORELEASING = YES;
				CLANG_WARN_BOOL_CONVERSION = YES;
				CLANG_WARN_COMMA = YES;
				CLANG_WARN_CONSTANT_CONVERSION = YES;
				CLANG_WARN_DEPRECATED_OBJC_IMPLEMENTATIONS = YES;
				CLANG_WARN_DIRECT_OBJC_ISA_USAGE = YES_ERROR;
				CLANG_WARN_DOCUMENTATION_COMMENTS = YES;
				CLANG_WARN_EMPTY_BODY = YES;
				CLANG_WARN_ENUM_CONVERSION = YES;
				CLANG_WARN_INFINITE_RECURSION = YES;
				CLANG_WARN_INT_CONVERSION = YES;
				CLANG_WARN_NON_LITERAL_NULL_CONVERSION = YES;
				CLANG_WARN_OBJC_IMPLICIT_RETAIN_SELF = YES;
				CLANG_WARN_OBJC_LITERAL_CONVERSION = YES;
				CLANG_WARN_OBJC_ROOT_CLASS = YES_ERROR;
				CLANG_WARN_QUOTED_INCLUDE_IN_FRAMEWORK_HEADER = YES;
				CLANG_WARN_RANGE_LOOP_ANALYSIS = YES;
				CLANG_WARN_STRICT_PROTOTYPES = YES;
				CLANG_WARN_SUSPICIOUS_MOVE = YES;
				CLANG_WARN_UNGUARDED_AVAILABILITY = YES_AGGRESSIVE;
				CLANG_WARN_UNREACHABLE_CODE = YES;
				CLANG_WARN__DUPLICATE_METHOD_MATCH = YES;
				COPY_PHASE_STRIP = NO;
				DEBUG_INFORMATION_FORMAT = dwarf;
				ENABLE_STRICT_OBJC_MSGSEND = YES;
				ENABLE_TESTABILITY = YES;
				GCC_C_LANGUAGE_STANDARD = gnu11;
				GCC_DYNAMIC_NO_PIC = NO;
				GCC_NO_COMMON_BLOCKS = YES;
				GCC_OPTIMIZATION_LEVEL = 0;
				GCC_PREPROCESSOR_DEFINITIONS = (
					"DEBUG=1",
					"$(inherited)",
				);
				GCC_WARN_64_TO_32_BIT_CONVERSION = YES;
				GCC_WARN_ABOUT_RETURN_TYPE = YES_ERROR;
				GCC_WARN_UNDECLARED_SELECTOR = YES;
				GCC_WARN_UNINITIALIZED_AUTOS = YES_AGGRESSIVE;
				GCC_WARN_UNUSED_FUNCTION = YES;
				GCC_WARN_UNUSED_VARIABLE = YES;
				IPHONEOS_DEPLOYMENT_TARGET = 14.0;
				MTL_ENABLE_DEBUG_INFO = INCLUDE_SOURCE;
				MTL_FAST_MATH = YES;
				ONLY_ACTIVE_ARCH = YES;
				SDKROOT = iphoneos;
				SWIFT_ACTIVE_COMPILATION_CONDITIONS = DEBUG;
				SWIFT_OPTIMIZATION_LEVEL = "-Onone";
			};
			name = Debug;
		};
		B2A0A04B291A1F21008ECD26 /* Release */ = {
			isa = XCBuildConfiguration;
			buildSettings = {
				ALWAYS_SEARCH_USER_PATHS = NO;
				CLANG_ANALYZER_NONNULL = YES;
				CLANG_ANALYZER_NUMBER_OBJECT_CONVERSION = YES_AGGRESSIVE;
				CLANG_CXX_LANGUAGE_STANDARD = "gnu++20";
				CLANG_ENABLE_MODULES = YES;
				CLANG_ENABLE_OBJC_ARC = YES;
				CLANG_ENABLE_OBJC_WEAK = YES;
				CLANG_WARN_BLOCK_CAPTURE_AUTORELEASING = YES;
				CLANG_WARN_BOOL_CONVERSION = YES;
				CLANG_WARN_COMMA = YES;
				CLANG_WARN_CONSTANT_CONVERSION = YES;
				CLANG_WARN_DEPRECATED_OBJC_IMPLEMENTATIONS = YES;
				CLANG_WARN_DIRECT_OBJC_ISA_USAGE = YES_ERROR;
				CLANG_WARN_DOCUMENTATION_COMMENTS = YES;
				CLANG_WARN_EMPTY_BODY = YES;
				CLANG_WARN_ENUM_CONVERSION = YES;
				CLANG_WARN_INFINITE_RECURSION = YES;
				CLANG_WARN_INT_CONVERSION = YES;
				CLANG_WARN_NON_LITERAL_NULL_CONVERSION = YES;
				CLANG_WARN_OBJC_IMPLICIT_RETAIN_SELF = YES;
				CLANG_WARN_OBJC_LITERAL_CONVERSION = YES;
				CLANG_WARN_OBJC_ROOT_CLASS = YES_ERROR;
				CLANG_WARN_QUOTED_INCLUDE_IN_FRAMEWORK_HEADER = YES;
				CLANG_WARN_RANGE_LOOP_ANALYSIS = YES;
				CLANG_WARN_STRICT_PROTOTYPES = YES;
				CLANG_WARN_SUSPICIOUS_MOVE = YES;
				CLANG_WARN_UNGUARDED_AVAILABILITY = YES_AGGRESSIVE;
				CLANG_WARN_UNREACHABLE_CODE = YES;
				CLANG_WARN__DUPLICATE_METHOD_MATCH = YES;
				COPY_PHASE_STRIP = NO;
				DEBUG_INFORMATION_FORMAT = "dwarf-with-dsym";
				ENABLE_NS_ASSERTIONS = NO;
				ENABLE_STRICT_OBJC_MSGSEND = YES;
				GCC_C_LANGUAGE_STANDARD = gnu11;
				GCC_NO_COMMON_BLOCKS = YES;
				GCC_WARN_64_TO_32_BIT_CONVERSION = YES;
				GCC_WARN_ABOUT_RETURN_TYPE = YES_ERROR;
				GCC_WARN_UNDECLARED_SELECTOR = YES;
				GCC_WARN_UNINITIALIZED_AUTOS = YES_AGGRESSIVE;
				GCC_WARN_UNUSED_FUNCTION = YES;
				GCC_WARN_UNUSED_VARIABLE = YES;
				IPHONEOS_DEPLOYMENT_TARGET = 14.0;
				MTL_ENABLE_DEBUG_INFO = NO;
				MTL_FAST_MATH = YES;
				SDKROOT = iphoneos;
				SWIFT_COMPILATION_MODE = wholemodule;
				SWIFT_OPTIMIZATION_LEVEL = "-O";
				VALIDATE_PRODUCT = YES;
			};
			name = Release;
		};
		B2A0A04D291A1F21008ECD26 /* Debug */ = {
			isa = XCBuildConfiguration;
			buildSettings = {
				ASSETCATALOG_COMPILER_APPICON_NAME = AppIcon;
				ASSETCATALOG_COMPILER_GLOBAL_ACCENT_COLOR_NAME = AccentColor;
				CODE_SIGN_STYLE = Automatic;
				CURRENT_PROJECT_VERSION = 1;
				DEVELOPMENT_ASSET_PATHS = "\"SwiftCoin/Preview Content\"";
				DEVELOPMENT_TEAM = 9SVAG4W838;
				ENABLE_PREVIEWS = NO;
				GENERATE_INFOPLIST_FILE = YES;
				INFOPLIST_KEY_UIApplicationSceneManifest_Generation = YES;
				INFOPLIST_KEY_UIApplicationSupportsIndirectInputEvents = YES;
				INFOPLIST_KEY_UILaunchScreen_Generation = YES;
				INFOPLIST_KEY_UISupportedInterfaceOrientations_iPad = "UIInterfaceOrientationPortrait UIInterfaceOrientationPortraitUpsideDown UIInterfaceOrientationLandscapeLeft UIInterfaceOrientationLandscapeRight";
				INFOPLIST_KEY_UISupportedInterfaceOrientations_iPhone = "UIInterfaceOrientationPortrait UIInterfaceOrientationLandscapeLeft UIInterfaceOrientationLandscapeRight";
				IPHONEOS_DEPLOYMENT_TARGET = 14.0;
				LD_RUNPATH_SEARCH_PATHS = (
					"$(inherited)",
					"@executable_path/Frameworks",
				);
				MARKETING_VERSION = 1.0;
				PRODUCT_BUNDLE_IDENTIFIER = vlad.com.SwiftCoin;
				PRODUCT_NAME = "$(TARGET_NAME)";
				SWIFT_EMIT_LOC_STRINGS = YES;
				SWIFT_VERSION = 5.0;
				TARGETED_DEVICE_FAMILY = "1,2";
			};
			name = Debug;
		};
		B2A0A04E291A1F21008ECD26 /* Release */ = {
			isa = XCBuildConfiguration;
			buildSettings = {
				ASSETCATALOG_COMPILER_APPICON_NAME = AppIcon;
				ASSETCATALOG_COMPILER_GLOBAL_ACCENT_COLOR_NAME = AccentColor;
				CODE_SIGN_STYLE = Automatic;
				CURRENT_PROJECT_VERSION = 1;
				DEVELOPMENT_ASSET_PATHS = "\"SwiftCoin/Preview Content\"";
				DEVELOPMENT_TEAM = 9SVAG4W838;
				ENABLE_PREVIEWS = NO;
				GENERATE_INFOPLIST_FILE = YES;
				INFOPLIST_KEY_UIApplicationSceneManifest_Generation = YES;
				INFOPLIST_KEY_UIApplicationSupportsIndirectInputEvents = YES;
				INFOPLIST_KEY_UILaunchScreen_Generation = YES;
				INFOPLIST_KEY_UISupportedInterfaceOrientations_iPad = "UIInterfaceOrientationPortrait UIInterfaceOrientationPortraitUpsideDown UIInterfaceOrientationLandscapeLeft UIInterfaceOrientationLandscapeRight";
				INFOPLIST_KEY_UISupportedInterfaceOrientations_iPhone = "UIInterfaceOrientationPortrait UIInterfaceOrientationLandscapeLeft UIInterfaceOrientationLandscapeRight";
				IPHONEOS_DEPLOYMENT_TARGET = 14.0;
				LD_RUNPATH_SEARCH_PATHS = (
					"$(inherited)",
					"@executable_path/Frameworks",
				);
				MARKETING_VERSION = 1.0;
				PRODUCT_BUNDLE_IDENTIFIER = vlad.com.SwiftCoin;
				PRODUCT_NAME = "$(TARGET_NAME)";
				SWIFT_EMIT_LOC_STRINGS = YES;
				SWIFT_VERSION = 5.0;
				TARGETED_DEVICE_FAMILY = "1,2";
			};
			name = Release;
		};
/* End XCBuildConfiguration section */

/* Begin XCConfigurationList section */
		B2A0A039291A1F1D008ECD26 /* Build configuration list for PBXProject "SwiftCoin" */ = {
			isa = XCConfigurationList;
			buildConfigurations = (
				B2A0A04A291A1F21008ECD26 /* Debug */,
				B2A0A04B291A1F21008ECD26 /* Release */,
			);
			defaultConfigurationIsVisible = 0;
			defaultConfigurationName = Release;
		};
		B2A0A04C291A1F21008ECD26 /* Build configuration list for PBXNativeTarget "SwiftCoin" */ = {
			isa = XCConfigurationList;
			buildConfigurations = (
				B2A0A04D291A1F21008ECD26 /* Debug */,
				B2A0A04E291A1F21008ECD26 /* Release */,
			);
			defaultConfigurationIsVisible = 0;
			defaultConfigurationName = Release;
		};
/* End XCConfigurationList section */

/* Begin XCRemoteSwiftPackageReference section */
		B22FCD42291A9FAA00C91B94 /* XCRemoteSwiftPackageReference "Kingfisher" */ = {
			isa = XCRemoteSwiftPackageReference;
			repositoryURL = "https://github.com/onevcat/Kingfisher.git";
			requirement = {
				kind = upToNextMajorVersion;
				minimumVersion = 7.0.0;
			};
		};
/* End XCRemoteSwiftPackageReference section */

/* Begin XCSwiftPackageProductDependency section */
		B22FCD43291A9FAA00C91B94 /* Kingfisher */ = {
			isa = XCSwiftPackageProductDependency;
			package = B22FCD42291A9FAA00C91B94 /* XCRemoteSwiftPackageReference "Kingfisher" */;
			productName = Kingfisher;
		};
/* End XCSwiftPackageProductDependency section */
	};
	rootObject = B2A0A036291A1F1D008ECD26 /* Project object */;
}
